// !$*UTF8*$!
{
	archiveVersion = 1;
	classes = {
	};
	objectVersion = 46;
	objects = {

/* Begin PBXBuildFile section */
		304D0B9A1D82F46F00F1175F /* AppDelegate.swift in Sources */ = {isa = PBXBuildFile; fileRef = 304D0B991D82F46F00F1175F /* AppDelegate.swift */; };
		304D0B9C1D82F46F00F1175F /* ViewController.swift in Sources */ = {isa = PBXBuildFile; fileRef = 304D0B9B1D82F46F00F1175F /* ViewController.swift */; };
		304D0B9F1D82F46F00F1175F /* Main.storyboard in Resources */ = {isa = PBXBuildFile; fileRef = 304D0B9D1D82F46F00F1175F /* Main.storyboard */; };
		304D0BA21D82F46F00F1175F /* ci.xcdatamodeld in Sources */ = {isa = PBXBuildFile; fileRef = 304D0BA01D82F46F00F1175F /* ci.xcdatamodeld */; };
		304D0BA41D82F46F00F1175F /* Assets.xcassets in Resources */ = {isa = PBXBuildFile; fileRef = 304D0BA31D82F46F00F1175F /* Assets.xcassets */; };
		304D0BA71D82F46F00F1175F /* LaunchScreen.storyboard in Resources */ = {isa = PBXBuildFile; fileRef = 304D0BA51D82F46F00F1175F /* LaunchScreen.storyboard */; };
		304D0BB21D82F46F00F1175F /* ciTests.swift in Sources */ = {isa = PBXBuildFile; fileRef = 304D0BB11D82F46F00F1175F /* ciTests.swift */; };
		304D0BBD1D82F47000F1175F /* ciUITests.swift in Sources */ = {isa = PBXBuildFile; fileRef = 304D0BBC1D82F47000F1175F /* ciUITests.swift */; };
/* End PBXBuildFile section */

/* Begin PBXContainerItemProxy section */
		304D0BAE1D82F46F00F1175F /* PBXContainerItemProxy */ = {
			isa = PBXContainerItemProxy;
			containerPortal = 304D0B8E1D82F46F00F1175F /* Project object */;
			proxyType = 1;
			remoteGlobalIDString = 304D0B951D82F46F00F1175F;
			remoteInfo = ci;
		};
		304D0BB91D82F46F00F1175F /* PBXContainerItemProxy */ = {
			isa = PBXContainerItemProxy;
			containerPortal = 304D0B8E1D82F46F00F1175F /* Project object */;
			proxyType = 1;
			remoteGlobalIDString = 304D0B951D82F46F00F1175F;
			remoteInfo = ci;
		};
/* End PBXContainerItemProxy section */

/* Begin PBXFileReference section */
		304D0B961D82F46F00F1175F /* ci.app */ = {isa = PBXFileReference; explicitFileType = wrapper.application; includeInIndex = 0; path = ci.app; sourceTree = BUILT_PRODUCTS_DIR; };
		304D0B991D82F46F00F1175F /* AppDelegate.swift */ = {isa = PBXFileReference; lastKnownFileType = sourcecode.swift; path = AppDelegate.swift; sourceTree = "<group>"; };
		304D0B9B1D82F46F00F1175F /* ViewController.swift */ = {isa = PBXFileReference; lastKnownFileType = sourcecode.swift; path = ViewController.swift; sourceTree = "<group>"; };
		304D0B9E1D82F46F00F1175F /* Base */ = {isa = PBXFileReference; lastKnownFileType = file.storyboard; name = Base; path = Base.lproj/Main.storyboard; sourceTree = "<group>"; };
		304D0BA11D82F46F00F1175F /* ci.xcdatamodel */ = {isa = PBXFileReference; lastKnownFileType = wrapper.xcdatamodel; path = ci.xcdatamodel; sourceTree = "<group>"; };
		304D0BA31D82F46F00F1175F /* Assets.xcassets */ = {isa = PBXFileReference; lastKnownFileType = folder.assetcatalog; path = Assets.xcassets; sourceTree = "<group>"; };
		304D0BA61D82F46F00F1175F /* Base */ = {isa = PBXFileReference; lastKnownFileType = file.storyboard; name = Base; path = Base.lproj/LaunchScreen.storyboard; sourceTree = "<group>"; };
		304D0BA81D82F46F00F1175F /* Info.plist */ = {isa = PBXFileReference; lastKnownFileType = text.plist.xml; path = Info.plist; sourceTree = "<group>"; };
		304D0BAD1D82F46F00F1175F /* ciTests.xctest */ = {isa = PBXFileReference; explicitFileType = wrapper.cfbundle; includeInIndex = 0; path = ciTests.xctest; sourceTree = BUILT_PRODUCTS_DIR; };
		304D0BB11D82F46F00F1175F /* ciTests.swift */ = {isa = PBXFileReference; lastKnownFileType = sourcecode.swift; path = ciTests.swift; sourceTree = "<group>"; };
		304D0BB31D82F46F00F1175F /* Info.plist */ = {isa = PBXFileReference; lastKnownFileType = text.plist.xml; path = Info.plist; sourceTree = "<group>"; };
		304D0BB81D82F46F00F1175F /* ciUITests.xctest */ = {isa = PBXFileReference; explicitFileType = wrapper.cfbundle; includeInIndex = 0; path = ciUITests.xctest; sourceTree = BUILT_PRODUCTS_DIR; };
		304D0BBC1D82F47000F1175F /* ciUITests.swift */ = {isa = PBXFileReference; lastKnownFileType = sourcecode.swift; path = ciUITests.swift; sourceTree = "<group>"; };
		304D0BBE1D82F47000F1175F /* Info.plist */ = {isa = PBXFileReference; lastKnownFileType = text.plist.xml; path = Info.plist; sourceTree = "<group>"; };
/* End PBXFileReference section */

/* Begin PBXFrameworksBuildPhase section */
		304D0B931D82F46F00F1175F /* Frameworks */ = {
			isa = PBXFrameworksBuildPhase;
			buildActionMask = 2147483647;
			files = (
			);
			runOnlyForDeploymentPostprocessing = 0;
		};
		304D0BAA1D82F46F00F1175F /* Frameworks */ = {
			isa = PBXFrameworksBuildPhase;
			buildActionMask = 2147483647;
			files = (
			);
			runOnlyForDeploymentPostprocessing = 0;
		};
		304D0BB51D82F46F00F1175F /* Frameworks */ = {
			isa = PBXFrameworksBuildPhase;
			buildActionMask = 2147483647;
			files = (
			);
			runOnlyForDeploymentPostprocessing = 0;
		};
/* End PBXFrameworksBuildPhase section */

/* Begin PBXGroup section */
		304D0B8D1D82F46F00F1175F = {
			isa = PBXGroup;
			children = (
				304D0B981D82F46F00F1175F /* ci */,
				304D0BB01D82F46F00F1175F /* ciTests */,
				304D0BBB1D82F47000F1175F /* ciUITests */,
				304D0B971D82F46F00F1175F /* Products */,
			);
			sourceTree = "<group>";
		};
		304D0B971D82F46F00F1175F /* Products */ = {
			isa = PBXGroup;
			children = (
				304D0B961D82F46F00F1175F /* ci.app */,
				304D0BAD1D82F46F00F1175F /* ciTests.xctest */,
				304D0BB81D82F46F00F1175F /* ciUITests.xctest */,
			);
			name = Products;
			sourceTree = "<group>";
		};
		304D0B981D82F46F00F1175F /* ci */ = {
			isa = PBXGroup;
			children = (
				304D0B991D82F46F00F1175F /* AppDelegate.swift */,
				304D0B9B1D82F46F00F1175F /* ViewController.swift */,
				304D0B9D1D82F46F00F1175F /* Main.storyboard */,
				304D0BA31D82F46F00F1175F /* Assets.xcassets */,
				304D0BA51D82F46F00F1175F /* LaunchScreen.storyboard */,
				304D0BA81D82F46F00F1175F /* Info.plist */,
				304D0BA01D82F46F00F1175F /* ci.xcdatamodeld */,
			);
			path = ci;
			sourceTree = "<group>";
		};
		304D0BB01D82F46F00F1175F /* ciTests */ = {
			isa = PBXGroup;
			children = (
				304D0BB11D82F46F00F1175F /* ciTests.swift */,
				304D0BB31D82F46F00F1175F /* Info.plist */,
			);
			path = ciTests;
			sourceTree = "<group>";
		};
		304D0BBB1D82F47000F1175F /* ciUITests */ = {
			isa = PBXGroup;
			children = (
				304D0BBC1D82F47000F1175F /* ciUITests.swift */,
				304D0BBE1D82F47000F1175F /* Info.plist */,
			);
			path = ciUITests;
			sourceTree = "<group>";
		};
/* End PBXGroup section */

/* Begin PBXNativeTarget section */
		304D0B951D82F46F00F1175F /* ci */ = {
			isa = PBXNativeTarget;
			buildConfigurationList = 304D0BC11D82F47000F1175F /* Build configuration list for PBXNativeTarget "ci" */;
			buildPhases = (
				304D0B921D82F46F00F1175F /* Sources */,
				304D0B931D82F46F00F1175F /* Frameworks */,
				304D0B941D82F46F00F1175F /* Resources */,
			);
			buildRules = (
			);
			dependencies = (
			);
			name = ci;
			productName = ci;
			productReference = 304D0B961D82F46F00F1175F /* ci.app */;
			productType = "com.apple.product-type.application";
		};
		304D0BAC1D82F46F00F1175F /* ciTests */ = {
			isa = PBXNativeTarget;
			buildConfigurationList = 304D0BC41D82F47000F1175F /* Build configuration list for PBXNativeTarget "ciTests" */;
			buildPhases = (
				304D0BA91D82F46F00F1175F /* Sources */,
				304D0BAA1D82F46F00F1175F /* Frameworks */,
				304D0BAB1D82F46F00F1175F /* Resources */,
			);
			buildRules = (
			);
			dependencies = (
				304D0BAF1D82F46F00F1175F /* PBXTargetDependency */,
			);
			name = ciTests;
			productName = ciTests;
			productReference = 304D0BAD1D82F46F00F1175F /* ciTests.xctest */;
			productType = "com.apple.product-type.bundle.unit-test";
		};
		304D0BB71D82F46F00F1175F /* ciUITests */ = {
			isa = PBXNativeTarget;
			buildConfigurationList = 304D0BC71D82F47000F1175F /* Build configuration list for PBXNativeTarget "ciUITests" */;
			buildPhases = (
				304D0BB41D82F46F00F1175F /* Sources */,
				304D0BB51D82F46F00F1175F /* Frameworks */,
				304D0BB61D82F46F00F1175F /* Resources */,
			);
			buildRules = (
			);
			dependencies = (
				304D0BBA1D82F46F00F1175F /* PBXTargetDependency */,
			);
			name = ciUITests;
			productName = ciUITests;
			productReference = 304D0BB81D82F46F00F1175F /* ciUITests.xctest */;
			productType = "com.apple.product-type.bundle.ui-testing";
		};
/* End PBXNativeTarget section */

/* Begin PBXProject section */
		304D0B8E1D82F46F00F1175F /* Project object */ = {
			isa = PBXProject;
			attributes = {
				LastUpgradeCheck = 0700;
				ORGANIZATIONNAME = burrowsapps;
				TargetAttributes = {
					304D0B951D82F46F00F1175F = {
						CreatedOnToolsVersion = 7.0.1;
					};
					304D0BAC1D82F46F00F1175F = {
						CreatedOnToolsVersion = 7.0.1;
						TestTargetID = 304D0B951D82F46F00F1175F;
					};
					304D0BB71D82F46F00F1175F = {
						CreatedOnToolsVersion = 7.0.1;
						TestTargetID = 304D0B951D82F46F00F1175F;
					};
				};
			};
			buildConfigurationList = 304D0B911D82F46F00F1175F /* Build configuration list for PBXProject "ci" */;
			compatibilityVersion = "Xcode 3.2";
			developmentRegion = English;
			hasScannedForEncodings = 0;
			knownRegions = (
				en,
				Base,
			);
			mainGroup = 304D0B8D1D82F46F00F1175F;
			productRefGroup = 304D0B971D82F46F00F1175F /* Products */;
			projectDirPath = "";
			projectRoot = "";
			targets = (
				304D0B951D82F46F00F1175F /* ci */,
				304D0BAC1D82F46F00F1175F /* ciTests */,
				304D0BB71D82F46F00F1175F /* ciUITests */,
			);
		};
/* End PBXProject section */

/* Begin PBXResourcesBuildPhase section */
		304D0B941D82F46F00F1175F /* Resources */ = {
			isa = PBXResourcesBuildPhase;
			buildActionMask = 2147483647;
			files = (
				304D0BA71D82F46F00F1175F /* LaunchScreen.storyboard in Resources */,
				304D0BA41D82F46F00F1175F /* Assets.xcassets in Resources */,
				304D0B9F1D82F46F00F1175F /* Main.storyboard in Resources */,
			);
			runOnlyForDeploymentPostprocessing = 0;
		};
		304D0BAB1D82F46F00F1175F /* Resources */ = {
			isa = PBXResourcesBuildPhase;
			buildActionMask = 2147483647;
			files = (
			);
			runOnlyForDeploymentPostprocessing = 0;
		};
		304D0BB61D82F46F00F1175F /* Resources */ = {
			isa = PBXResourcesBuildPhase;
			buildActionMask = 2147483647;
			files = (
			);
			runOnlyForDeploymentPostprocessing = 0;
		};
/* End PBXResourcesBuildPhase section */

/* Begin PBXSourcesBuildPhase section */
		304D0B921D82F46F00F1175F /* Sources */ = {
			isa = PBXSourcesBuildPhase;
			buildActionMask = 2147483647;
			files = (
				304D0B9C1D82F46F00F1175F /* ViewController.swift in Sources */,
				304D0B9A1D82F46F00F1175F /* AppDelegate.swift in Sources */,
				304D0BA21D82F46F00F1175F /* ci.xcdatamodeld in Sources */,
			);
			runOnlyForDeploymentPostprocessing = 0;
		};
		304D0BA91D82F46F00F1175F /* Sources */ = {
			isa = PBXSourcesBuildPhase;
			buildActionMask = 2147483647;
			files = (
				304D0BB21D82F46F00F1175F /* ciTests.swift in Sources */,
			);
			runOnlyForDeploymentPostprocessing = 0;
		};
		304D0BB41D82F46F00F1175F /* Sources */ = {
			isa = PBXSourcesBuildPhase;
			buildActionMask = 2147483647;
			files = (
				304D0BBD1D82F47000F1175F /* ciUITests.swift in Sources */,
			);
			runOnlyForDeploymentPostprocessing = 0;
		};
/* End PBXSourcesBuildPhase section */

/* Begin PBXTargetDependency section */
		304D0BAF1D82F46F00F1175F /* PBXTargetDependency */ = {
			isa = PBXTargetDependency;
			target = 304D0B951D82F46F00F1175F /* ci */;
			targetProxy = 304D0BAE1D82F46F00F1175F /* PBXContainerItemProxy */;
		};
		304D0BBA1D82F46F00F1175F /* PBXTargetDependency */ = {
			isa = PBXTargetDependency;
			target = 304D0B951D82F46F00F1175F /* ci */;
			targetProxy = 304D0BB91D82F46F00F1175F /* PBXContainerItemProxy */;
		};
/* End PBXTargetDependency section */

/* Begin PBXVariantGroup section */
		304D0B9D1D82F46F00F1175F /* Main.storyboard */ = {
			isa = PBXVariantGroup;
			children = (
				304D0B9E1D82F46F00F1175F /* Base */,
			);
			name = Main.storyboard;
			sourceTree = "<group>";
		};
		304D0BA51D82F46F00F1175F /* LaunchScreen.storyboard */ = {
			isa = PBXVariantGroup;
			children = (
				304D0BA61D82F46F00F1175F /* Base */,
			);
			name = LaunchScreen.storyboard;
			sourceTree = "<group>";
		};
/* End PBXVariantGroup section */

/* Begin XCBuildConfiguration section */
		304D0BBF1D82F47000F1175F /* Debug */ = {
			isa = XCBuildConfiguration;
			buildSettings = {
				ALWAYS_SEARCH_USER_PATHS = NO;
				CLANG_CXX_LANGUAGE_STANDARD = "gnu++0x";
				CLANG_CXX_LIBRARY = "libc++";
				CLANG_ENABLE_MODULES = YES;
				CLANG_ENABLE_OBJC_ARC = YES;
				CLANG_WARN_BOOL_CONVERSION = YES;
				CLANG_WARN_CONSTANT_CONVERSION = YES;
				CLANG_WARN_DIRECT_OBJC_ISA_USAGE = YES_ERROR;
				CLANG_WARN_EMPTY_BODY = YES;
				CLANG_WARN_ENUM_CONVERSION = YES;
				CLANG_WARN_INT_CONVERSION = YES;
				CLANG_WARN_OBJC_ROOT_CLASS = YES_ERROR;
				CLANG_WARN_UNREACHABLE_CODE = YES;
				CLANG_WARN__DUPLICATE_METHOD_MATCH = YES;
				"CODE_SIGN_IDENTITY[sdk=iphoneos*]" = "iPhone Developer";
				COPY_PHASE_STRIP = NO;
				DEBUG_INFORMATION_FORMAT = dwarf;
				ENABLE_STRICT_OBJC_MSGSEND = YES;
				ENABLE_TESTABILITY = YES;
				GCC_C_LANGUAGE_STANDARD = gnu99;
				GCC_DYNAMIC_NO_PIC = NO;
				GCC_NO_COMMON_BLOCKS = YES;
				GCC_OPTIMIZATION_LEVEL = 0;
				GCC_PREPROCESSOR_DEFINITIONS = (
					"DEBUG=1",
					"$(inherited)",
				);
				GCC_WARN_64_TO_32_BIT_CONVERSION = YES;
				GCC_WARN_ABOUT_RETURN_TYPE = YES_ERROR;
				GCC_WARN_UNDECLARED_SELECTOR = YES;
				GCC_WARN_UNINITIALIZED_AUTOS = YES_AGGRESSIVE;
				GCC_WARN_UNUSED_FUNCTION = YES;
				GCC_WARN_UNUSED_VARIABLE = YES;
				IPHONEOS_DEPLOYMENT_TARGET = 9.0;
				MTL_ENABLE_DEBUG_INFO = YES;
				ONLY_ACTIVE_ARCH = YES;
				SDKROOT = iphoneos;
				SWIFT_OPTIMIZATION_LEVEL = "-Onone";
				TARGETED_DEVICE_FAMILY = "1,2";
			};
			name = Debug;
		};
		304D0BC01D82F47000F1175F /* Release */ = {
			isa = XCBuildConfiguration;
			buildSettings = {
				ALWAYS_SEARCH_USER_PATHS = NO;
				CLANG_CXX_LANGUAGE_STANDARD = "gnu++0x";
				CLANG_CXX_LIBRARY = "libc++";
				CLANG_ENABLE_MODULES = YES;
				CLANG_ENABLE_OBJC_ARC = YES;
				CLANG_WARN_BOOL_CONVERSION = YES;
				CLANG_WARN_CONSTANT_CONVERSION = YES;
				CLANG_WARN_DIRECT_OBJC_ISA_USAGE = YES_ERROR;
				CLANG_WARN_EMPTY_BODY = YES;
				CLANG_WARN_ENUM_CONVERSION = YES;
				CLANG_WARN_INT_CONVERSION = YES;
				CLANG_WARN_OBJC_ROOT_CLASS = YES_ERROR;
				CLANG_WARN_UNREACHABLE_CODE = YES;
				CLANG_WARN__DUPLICATE_METHOD_MATCH = YES;
				"CODE_SIGN_IDENTITY[sdk=iphoneos*]" = "iPhone Developer";
				COPY_PHASE_STRIP = NO;
				DEBUG_INFORMATION_FORMAT = "dwarf-with-dsym";
				ENABLE_NS_ASSERTIONS = NO;
				ENABLE_STRICT_OBJC_MSGSEND = YES;
				GCC_C_LANGUAGE_STANDARD = gnu99;
				GCC_NO_COMMON_BLOCKS = YES;
				GCC_WARN_64_TO_32_BIT_CONVERSION = YES;
				GCC_WARN_ABOUT_RETURN_TYPE = YES_ERROR;
				GCC_WARN_UNDECLARED_SELECTOR = YES;
				GCC_WARN_UNINITIALIZED_AUTOS = YES_AGGRESSIVE;
				GCC_WARN_UNUSED_FUNCTION = YES;
				GCC_WARN_UNUSED_VARIABLE = YES;
				IPHONEOS_DEPLOYMENT_TARGET = 9.0;
				MTL_ENABLE_DEBUG_INFO = NO;
				SDKROOT = iphoneos;
				TARGETED_DEVICE_FAMILY = "1,2";
				VALIDATE_PRODUCT = YES;
			};
			name = Release;
		};
		304D0BC21D82F47000F1175F /* Debug */ = {
			isa = XCBuildConfiguration;
			buildSettings = {
				ASSETCATALOG_COMPILER_APPICON_NAME = AppIcon;
				INFOPLIST_FILE = ci/Info.plist;
				LD_RUNPATH_SEARCH_PATHS = "$(inherited) @executable_path/Frameworks";
				PRODUCT_BUNDLE_IDENTIFIER = burrows.apps.ci;
				PRODUCT_NAME = "$(TARGET_NAME)";
			};
			name = Debug;
		};
		304D0BC31D82F47000F1175F /* Release */ = {
			isa = XCBuildConfiguration;
			buildSettings = {
				ASSETCATALOG_COMPILER_APPICON_NAME = AppIcon;
				INFOPLIST_FILE = ci/Info.plist;
				LD_RUNPATH_SEARCH_PATHS = "$(inherited) @executable_path/Frameworks";
				PRODUCT_BUNDLE_IDENTIFIER = burrows.apps.ci;
				PRODUCT_NAME = "$(TARGET_NAME)";
			};
			name = Release;
		};
		304D0BC51D82F47000F1175F /* Debug */ = {
			isa = XCBuildConfiguration;
			buildSettings = {
				BUNDLE_LOADER = "$(TEST_HOST)";
				INFOPLIST_FILE = ciTests/Info.plist;
				LD_RUNPATH_SEARCH_PATHS = "$(inherited) @executable_path/Frameworks @loader_path/Frameworks";
				PRODUCT_BUNDLE_IDENTIFIER = burrows.apps.ciTests;
				PRODUCT_NAME = "$(TARGET_NAME)";
				TEST_HOST = "$(BUILT_PRODUCTS_DIR)/ci.app/ci";
			};
			name = Debug;
		};
		304D0BC61D82F47000F1175F /* Release */ = {
			isa = XCBuildConfiguration;
			buildSettings = {
				BUNDLE_LOADER = "$(TEST_HOST)";
				INFOPLIST_FILE = ciTests/Info.plist;
				LD_RUNPATH_SEARCH_PATHS = "$(inherited) @executable_path/Frameworks @loader_path/Frameworks";
				PRODUCT_BUNDLE_IDENTIFIER = burrows.apps.ciTests;
				PRODUCT_NAME = "$(TARGET_NAME)";
				TEST_HOST = "$(BUILT_PRODUCTS_DIR)/ci.app/ci";
			};
			name = Release;
		};
		304D0BC81D82F47000F1175F /* Debug */ = {
			isa = XCBuildConfiguration;
			buildSettings = {
				INFOPLIST_FILE = ciUITests/Info.plist;
				LD_RUNPATH_SEARCH_PATHS = "$(inherited) @executable_path/Frameworks @loader_path/Frameworks";
				PRODUCT_BUNDLE_IDENTIFIER = burrows.apps.ciUITests;
				PRODUCT_NAME = "$(TARGET_NAME)";
				TEST_TARGET_NAME = ci;
				USES_XCTRUNNER = YES;
			};
			name = Debug;
		};
		304D0BC91D82F47000F1175F /* Release */ = {
			isa = XCBuildConfiguration;
			buildSettings = {
				INFOPLIST_FILE = ciUITests/Info.plist;
				LD_RUNPATH_SEARCH_PATHS = "$(inherited) @executable_path/Frameworks @loader_path/Frameworks";
				PRODUCT_BUNDLE_IDENTIFIER = burrows.apps.ciUITests;
				PRODUCT_NAME = "$(TARGET_NAME)";
				TEST_TARGET_NAME = ci;
				USES_XCTRUNNER = YES;
			};
			name = Release;
		};
/* End XCBuildConfiguration section */

/* Begin XCConfigurationList section */
		304D0B911D82F46F00F1175F /* Build configuration list for PBXProject "ci" */ = {
			isa = XCConfigurationList;
			buildConfigurations = (
				304D0BBF1D82F47000F1175F /* Debug */,
				304D0BC01D82F47000F1175F /* Release */,
			);
			defaultConfigurationIsVisible = 0;
			defaultConfigurationName = Release;
		};
		304D0BC11D82F47000F1175F /* Build configuration list for PBXNativeTarget "ci" */ = {
			isa = XCConfigurationList;
			buildConfigurations = (
				304D0BC21D82F47000F1175F /* Debug */,
				304D0BC31D82F47000F1175F /* Release */,
			);
			defaultConfigurationIsVisible = 0;
		};
		304D0BC41D82F47000F1175F /* Build configuration list for PBXNativeTarget "ciTests" */ = {
			isa = XCConfigurationList;
			buildConfigurations = (
				304D0BC51D82F47000F1175F /* Debug */,
				304D0BC61D82F47000F1175F /* Release */,
			);
			defaultConfigurationIsVisible = 0;
		};
		304D0BC71D82F47000F1175F /* Build configuration list for PBXNativeTarget "ciUITests" */ = {
			isa = XCConfigurationList;
			buildConfigurations = (
				304D0BC81D82F47000F1175F /* Debug */,
				304D0BC91D82F47000F1175F /* Release */,
			);
			defaultConfigurationIsVisible = 0;
		};
/* End XCConfigurationList section */

/* Begin XCVersionGroup section */
		304D0BA01D82F46F00F1175F /* ci.xcdatamodeld */ = {
			isa = XCVersionGroup;
			children = (
				304D0BA11D82F46F00F1175F /* ci.xcdatamodel */,
			);
			currentVersion = 304D0BA11D82F46F00F1175F /* ci.xcdatamodel */;
			path = ci.xcdatamodeld;
			sourceTree = "<group>";
			versionGroupType = wrapper.xcdatamodel;
		};
/* End XCVersionGroup section */
	};
	rootObject = 304D0B8E1D82F46F00F1175F /* Project object */;
}
